
Microsoft Visual Studio Solution File, Format Version 12.00
# Visual Studio Version 16
VisualStudioVersion = 16.0.33130.400
MinimumVisualStudioVersion = 10.0.40219.1
Project("{FAE04EC0-301F-11D3-BF4B-00C04F79EFBC}") = "Empty", "Empty\Empty.csproj", "{8C8DAE23-2277-4240-A002-2C4B61CB48ED}"
EndProject
Project("{FAE04EC0-301F-11D3-BF4B-00C04F79EFBC}") = "EmployeeSkillLibrary", "..\EmployeeSkillLibrary\EmployeeSkillLibrary\EmployeeSkillLibrary.csproj", "{9A72112E-D66C-46AD-99A3-22BAB38FF065}"
EndProject
Project("{FAE04EC0-301F-11D3-BF4B-00C04F79EFBC}") = "EmployeeSkillApiService", "..\EmployeeSkillLibrary\EmployeeSkillApiService\EmployeeSkillApiService.csproj", "{D8A5B05D-28E0-40FD-92A7-D0FAA0F57AD8}"
EndProject
Project("{FAE04EC0-301F-11D3-BF4B-00C04F79EFBC}") = "EmpPostRepository", "..\EmpPostRepository\EmpPostRepository\EmpPostRepository.csproj", "{3B38E71E-7A61-48A4-8CCA-4B8A9028295C}"
EndProject
Project("{FAE04EC0-301F-11D3-BF4B-00C04F79EFBC}") = "EmpRepoService", "..\EmpPostRepository\EmpRepoService\EmpRepoService.csproj", "{3DDF9202-3398-4A1F-BF61-8BA714D41749}"
EndProject
Project("{FAE04EC0-301F-11D3-BF4B-00C04F79EFBC}") = "JobPostRepository", "..\Project 1\Solution1\JobPostRepository\JobPostRepository.csproj", "{9ABDFBC1-F2CA-47A2-B1E8-AF87E66EE80B}"
EndProject
Project("{FAE04EC0-301F-11D3-BF4B-00C04F79EFBC}") = "JobPostService", "..\Project 1\Solution1\JobPostService\JobPostService.csproj", "{EC2BB239-3A0C-44EB-8028-51CC31DFAB10}"
EndProject
Project("{FAE04EC0-301F-11D3-BF4B-00C04F79EFBC}") = "CompleteJobMVC", "CompleteJobMVC\CompleteJobMVC.csproj", "{B2917A5E-B4C1-42B5-B4B0-E70F9EEF2F84}"
EndProject
Project("{FAE04EC0-301F-11D3-BF4B-00C04F79EFBC}") = "AuthSvc", "AuthSvc\AuthSvc.csproj", "{80987F55-3DC6-4384-9917-D213EC9C481E}"
EndProject
Global
	GlobalSection(SolutionConfigurationPlatforms) = preSolution
		Debug|Any CPU = Debug|Any CPU
		Release|Any CPU = Release|Any CPU
	EndGlobalSection
	GlobalSection(ProjectConfigurationPlatforms) = postSolution
		{8C8DAE23-2277-4240-A002-2C4B61CB48ED}.Debug|Any CPU.ActiveCfg = Debug|Any CPU
		{8C8DAE23-2277-4240-A002-2C4B61CB48ED}.Debug|Any CPU.Build.0 = Debug|Any CPU
		{8C8DAE23-2277-4240-A002-2C4B61CB48ED}.Release|Any CPU.ActiveCfg = Release|Any CPU
		{8C8DAE23-2277-4240-A002-2C4B61CB48ED}.Release|Any CPU.Build.0 = Release|Any CPU
		{9A72112E-D66C-46AD-99A3-22BAB38FF065}.Debug|Any CPU.ActiveCfg = Debug|Any CPU
		{9A72112E-D66C-46AD-99A3-22BAB38FF065}.Debug|Any CPU.Build.0 = Debug|Any CPU
		{9A72112E-D66C-46AD-99A3-22BAB38FF065}.Release|Any CPU.ActiveCfg = Release|Any CPU
		{9A72112E-D66C-46AD-99A3-22BAB38FF065}.Release|Any CPU.Build.0 = Release|Any CPU
		{D8A5B05D-28E0-40FD-92A7-D0FAA0F57AD8}.Debug|Any CPU.ActiveCfg = Debug|Any CPU
		{D8A5B05D-28E0-40FD-92A7-D0FAA0F57AD8}.Debug|Any CPU.Build.0 = Debug|Any CPU
		{D8A5B05D-28E0-40FD-92A7-D0FAA0F57AD8}.Release|Any CPU.ActiveCfg = Release|Any CPU
		{D8A5B05D-28E0-40FD-92A7-D0FAA0F57AD8}.Release|Any CPU.Build.0 = Release|Any CPU
		{3B38E71E-7A61-48A4-8CCA-4B8A9028295C}.Debug|Any CPU.ActiveCfg = Debug|Any CPU
		{3B38E71E-7A61-48A4-8CCA-4B8A9028295C}.Debug|Any CPU.Build.0 = Debug|Any CPU
		{3B38E71E-7A61-48A4-8CCA-4B8A9028295C}.Release|Any CPU.ActiveCfg = Release|Any CPU
		{3B38E71E-7A61-48A4-8CCA-4B8A9028295C}.Release|Any CPU.Build.0 = Release|Any CPU
		{3DDF9202-3398-4A1F-BF61-8BA714D41749}.Debug|Any CPU.ActiveCfg = Debug|Any CPU
		{3DDF9202-3398-4A1F-BF61-8BA714D41749}.Debug|Any CPU.Build.0 = Debug|Any CPU
		{3DDF9202-3398-4A1F-BF61-8BA714D41749}.Release|Any CPU.ActiveCfg = Release|Any CPU
		{3DDF9202-3398-4A1F-BF61-8BA714D41749}.Release|Any CPU.Build.0 = Release|Any CPU
		{9ABDFBC1-F2CA-47A2-B1E8-AF87E66EE80B}.Debug|Any CPU.ActiveCfg = Debug|Any CPU
		{9ABDFBC1-F2CA-47A2-B1E8-AF87E66EE80B}.Debug|Any CPU.Build.0 = Debug|Any CPU
		{9ABDFBC1-F2CA-47A2-B1E8-AF87E66EE80B}.Release|Any CPU.ActiveCfg = Release|Any CPU
		{9ABDFBC1-F2CA-47A2-B1E8-AF87E66EE80B}.Release|Any CPU.Build.0 = Release|Any CPU
		{EC2BB239-3A0C-44EB-8028-51CC31DFAB10}.Debug|Any CPU.ActiveCfg = Debug|Any CPU
		{EC2BB239-3A0C-44EB-8028-51CC31DFAB10}.Debug|Any CPU.Build.0 = Debug|Any CPU
		{EC2BB239-3A0C-44EB-8028-51CC31DFAB10}.Release|Any CPU.ActiveCfg = Release|Any CPU
		{EC2BB239-3A0C-44EB-8028-51CC31DFAB10}.Release|Any CPU.Build.0 = Release|Any CPU
		{B2917A5E-B4C1-42B5-B4B0-E70F9EEF2F84}.Debug|Any CPU.ActiveCfg = Debug|Any CPU
		{B2917A5E-B4C1-42B5-B4B0-E70F9EEF2F84}.Debug|Any CPU.Build.0 = Debug|Any CPU
		{B2917A5E-B4C1-42B5-B4B0-E70F9EEF2F84}.Release|Any CPU.ActiveCfg = Release|Any CPU
		{B2917A5E-B4C1-42B5-B4B0-E70F9EEF2F84}.Release|Any CPU.Build.0 = Release|Any CPU
		{80987F55-3DC6-4384-9917-D213EC9C481E}.Debug|Any CPU.ActiveCfg = Debug|Any CPU
		{80987F55-3DC6-4384-9917-D213EC9C481E}.Debug|Any CPU.Build.0 = Debug|Any CPU
		{80987F55-3DC6-4384-9917-D213EC9C481E}.Release|Any CPU.ActiveCfg = Release|Any CPU
		{80987F55-3DC6-4384-9917-D213EC9C481E}.Release|Any CPU.Build.0 = Release|Any CPU
	EndGlobalSection
	GlobalSection(SolutionProperties) = preSolution
		HideSolutionNode = FALSE
	EndGlobalSection
	GlobalSection(ExtensibilityGlobals) = postSolution
		SolutionGuid = {539C5E9A-4625-489C-943A-A76CAB2FA4F2}
	EndGlobalSection
EndGlobal
