
Microsoft Visual Studio Solution File, Format Version 12.00
# Visual Studio Version 16
VisualStudioVersion = 16.0.33130.400
MinimumVisualStudioVersion = 10.0.40219.1
Project("{FAE04EC0-301F-11D3-BF4B-00C04F79EFBC}") = "JobPostRepository", "JobPostRepository\JobPostRepository.csproj", "{9ABDFBC1-F2CA-47A2-B1E8-AF87E66EE80B}"
EndProject
Project("{FAE04EC0-301F-11D3-BF4B-00C04F79EFBC}") = "JobPostService", "JobPostService\JobPostService.csproj", "{EC2BB239-3A0C-44EB-8028-51CC31DFAB10}"
EndProject
Project("{FAE04EC0-301F-11D3-BF4B-00C04F79EFBC}") = "JobPostMVC", "JobPostMVC\JobPostMVC.csproj", "{6B777463-6E98-478C-B332-6A2A79292B8A}"
EndProject
Global
	GlobalSection(SolutionConfigurationPlatforms) = preSolution
		Debug|Any CPU = Debug|Any CPU
		Release|Any CPU = Release|Any CPU
	EndGlobalSection
	GlobalSection(ProjectConfigurationPlatforms) = postSolution
		{9ABDFBC1-F2CA-47A2-B1E8-AF87E66EE80B}.Debug|Any CPU.ActiveCfg = Debug|Any CPU
		{9ABDFBC1-F2CA-47A2-B1E8-AF87E66EE80B}.Debug|Any CPU.Build.0 = Debug|Any CPU
		{9ABDFBC1-F2CA-47A2-B1E8-AF87E66EE80B}.Release|Any CPU.ActiveCfg = Release|Any CPU
		{9ABDFBC1-F2CA-47A2-B1E8-AF87E66EE80B}.Release|Any CPU.Build.0 = Release|Any CPU
		{EC2BB239-3A0C-44EB-8028-51CC31DFAB10}.Debug|Any CPU.ActiveCfg = Debug|Any CPU
		{EC2BB239-3A0C-44EB-8028-51CC31DFAB10}.Debug|Any CPU.Build.0 = Debug|Any CPU
		{EC2BB239-3A0C-44EB-8028-51CC31DFAB10}.Release|Any CPU.ActiveCfg = Release|Any CPU
		{EC2BB239-3A0C-44EB-8028-51CC31DFAB10}.Release|Any CPU.Build.0 = Release|Any CPU
		{6B777463-6E98-478C-B332-6A2A79292B8A}.Debug|Any CPU.ActiveCfg = Debug|Any CPU
		{6B777463-6E98-478C-B332-6A2A79292B8A}.Debug|Any CPU.Build.0 = Debug|Any CPU
		{6B777463-6E98-478C-B332-6A2A79292B8A}.Release|Any CPU.ActiveCfg = Release|Any CPU
		{6B777463-6E98-478C-B332-6A2A79292B8A}.Release|Any CPU.Build.0 = Release|Any CPU
	EndGlobalSection
	GlobalSection(SolutionProperties) = preSolution
		HideSolutionNode = FALSE
	EndGlobalSection
	GlobalSection(ExtensibilityGlobals) = postSolution
		SolutionGuid = {1D1FC912-0BCC-499A-AAAF-FB4C36D7766B}
	EndGlobalSection
EndGlobal
